
Microsoft Visual Studio Solution File, Format Version 12.00
# Visual Studio 15
VisualStudioVersion = 15.0.28010.2026
MinimumVisualStudioVersion = 10.0.40219.1
Project("{FAE04EC0-301F-11D3-BF4B-00C04F79EFBC}") = "IntegrationTests", "IntegrationTests\IntegrationTests.csproj", "{2A83E6D3-D71A-4B76-B58D-7EEFBDA1AE12}"
EndProject
Global
	GlobalSection(SolutionConfigurationPlatforms) = preSolution
		Debug|Any CPU = Debug|Any CPU
		Release|Any CPU = Release|Any CPU
	EndGlobalSection
	GlobalSection(ProjectConfigurationPlatforms) = postSolution
		{2A83E6D3-D71A-4B76-B58D-7EEFBDA1AE12}.Debug|Any CPU.ActiveCfg = Debug|Any CPU
		{2A83E6D3-D71A-4B76-B58D-7EEFBDA1AE12}.Debug|Any CPU.Build.0 = Debug|Any CPU
		{2A83E6D3-D71A-4B76-B58D-7EEFBDA1AE12}.Release|Any CPU.ActiveCfg = Release|Any CPU
		{2A83E6D3-D71A-4B76-B58D-7EEFBDA1AE12}.Release|Any CPU.Build.0 = Release|Any CPU
	EndGlobalSection
	GlobalSection(SolutionProperties) = preSolution
		HideSolutionNode = FALSE
	EndGlobalSection
	GlobalSection(ExtensibilityGlobals) = postSolution
		SolutionGuid = {81F786DE-EEDF-4C62-9A51-79BFAD4136D2}
	EndGlobalSection
EndGlobal
